// !$*UTF8*$!
{
	archiveVersion = 1;
	classes = {
	};
	objectVersion = 56;
	objects = {

/* Begin PBXBuildFile section */
		871EC4022BE8783500C0C14A /* CacheManager.swift in Sources */ = {isa = PBXBuildFile; fileRef = 871EC4012BE8783500C0C14A /* CacheManager.swift */; };
		871EC4042BE8787800C0C14A /* DataStorageProtocol.swift in Sources */ = {isa = PBXBuildFile; fileRef = 871EC4032BE8787800C0C14A /* DataStorageProtocol.swift */; };
		871EC4062BE878C900C0C14A /* UserDefaultsStore.swift in Sources */ = {isa = PBXBuildFile; fileRef = 871EC4052BE878C900C0C14A /* UserDefaultsStore.swift */; };
		871EC4082BE8790700C0C14A /* MockUserDefaultsStore.swift in Sources */ = {isa = PBXBuildFile; fileRef = 871EC4072BE8790700C0C14A /* MockUserDefaultsStore.swift */; };
		878F69B12BE6424800054360 /* TopUserRowView.swift in Sources */ = {isa = PBXBuildFile; fileRef = 878F69B02BE6424800054360 /* TopUserRowView.swift */; };
		878F69B32BE6AA5900054360 /* ProfileImageView.swift in Sources */ = {isa = PBXBuildFile; fileRef = 878F69B22BE6AA5900054360 /* ProfileImageView.swift */; };
		878F69B62BE6AE4200054360 /* StandardButtonStyle.swift in Sources */ = {isa = PBXBuildFile; fileRef = 878F69B52BE6AE4200054360 /* StandardButtonStyle.swift */; };
		878F69B72BE6B30D00054360 /* MockDataService.swift in Sources */ = {isa = PBXBuildFile; fileRef = 87D0C1932BE5964600F117EA /* MockDataService.swift */; };
		878F69B92BE6BE2F00054360 /* TopUserDataServiceTests.swift in Sources */ = {isa = PBXBuildFile; fileRef = 878F69B82BE6BE2F00054360 /* TopUserDataServiceTests.swift */; };
		878F69BB2BE6F45600054360 /* HeaderView.swift in Sources */ = {isa = PBXBuildFile; fileRef = 878F69BA2BE6F45600054360 /* HeaderView.swift */; };
		878F69BD2BE7033D00054360 /* CacheManagerTests.swift in Sources */ = {isa = PBXBuildFile; fileRef = 878F69BC2BE7033D00054360 /* CacheManagerTests.swift */; };
		87D0C1722BE5070000F117EA /* RootViewCoordinator.swift in Sources */ = {isa = PBXBuildFile; fileRef = 87D0C1712BE5070000F117EA /* RootViewCoordinator.swift */; };
		87D0C1742BE50F6800F117EA /* RootViewModel.swift in Sources */ = {isa = PBXBuildFile; fileRef = 87D0C1732BE50F6800F117EA /* RootViewModel.swift */; };
		87D0C1762BE5122600F117EA /* Constants.swift in Sources */ = {isa = PBXBuildFile; fileRef = 87D0C1752BE5122600F117EA /* Constants.swift */; };
		87D0C17A2BE5137E00F117EA /* SplashView.swift in Sources */ = {isa = PBXBuildFile; fileRef = 87D0C1792BE5137E00F117EA /* SplashView.swift */; };
		87D0C17C2BE513DB00F117EA /* Colors.swift in Sources */ = {isa = PBXBuildFile; fileRef = 87D0C17B2BE513DB00F117EA /* Colors.swift */; };
		87D0C17F2BE5143A00F117EA /* TopUsersView.swift in Sources */ = {isa = PBXBuildFile; fileRef = 87D0C17E2BE5143A00F117EA /* TopUsersView.swift */; };
		87D0C1822BE516BD00F117EA /* RootViewModelTests.swift in Sources */ = {isa = PBXBuildFile; fileRef = 87D0C1802BE5169900F117EA /* RootViewModelTests.swift */; };
		87D0C1852BE56A1600F117EA /* TopUsersDataService.swift in Sources */ = {isa = PBXBuildFile; fileRef = 87D0C1842BE56A1600F117EA /* TopUsersDataService.swift */; };
		87D0C1872BE56AA000F117EA /* TopUsers.swift in Sources */ = {isa = PBXBuildFile; fileRef = 87D0C1862BE56AA000F117EA /* TopUsers.swift */; };
		87D0C1892BE57F3600F117EA /* DataServiceProtocol.swift in Sources */ = {isa = PBXBuildFile; fileRef = 87D0C1882BE57F3600F117EA /* DataServiceProtocol.swift */; };
		87D0C18B2BE5803F00F117EA /* DataServiceError.swift in Sources */ = {isa = PBXBuildFile; fileRef = 87D0C18A2BE5803F00F117EA /* DataServiceError.swift */; };
		87D0C18D2BE580E900F117EA /* TopUsersViewModel.swift in Sources */ = {isa = PBXBuildFile; fileRef = 87D0C18C2BE580E900F117EA /* TopUsersViewModel.swift */; };
		87D0C18F2BE580FF00F117EA /* TopUsersViewModelTests.swift in Sources */ = {isa = PBXBuildFile; fileRef = 87D0C18E2BE580FF00F117EA /* TopUsersViewModelTests.swift */; };
		87D0C1912BE591A000F117EA /* FollowerView.swift in Sources */ = {isa = PBXBuildFile; fileRef = 87D0C1902BE591A000F117EA /* FollowerView.swift */; };
		87D531DD2BE4EB650067CB76 /* TopUsersApp.swift in Sources */ = {isa = PBXBuildFile; fileRef = 87D531DC2BE4EB650067CB76 /* TopUsersApp.swift */; };
		87D531E12BE4EB670067CB76 /* Assets.xcassets in Resources */ = {isa = PBXBuildFile; fileRef = 87D531E02BE4EB670067CB76 /* Assets.xcassets */; };
		87D531E52BE4EB670067CB76 /* Preview Assets.xcassets in Resources */ = {isa = PBXBuildFile; fileRef = 87D531E42BE4EB670067CB76 /* Preview Assets.xcassets */; };
		87D531EF2BE4EB670067CB76 /* TopUsersTests.swift in Sources */ = {isa = PBXBuildFile; fileRef = 87D531EE2BE4EB670067CB76 /* TopUsersTests.swift */; };
		87D531F92BE4EB680067CB76 /* TopUsersUITests.swift in Sources */ = {isa = PBXBuildFile; fileRef = 87D531F82BE4EB680067CB76 /* TopUsersUITests.swift */; };
		87D531FB2BE4EB680067CB76 /* TopUsersUITestsLaunchTests.swift in Sources */ = {isa = PBXBuildFile; fileRef = 87D531FA2BE4EB680067CB76 /* TopUsersUITestsLaunchTests.swift */; };
/* End PBXBuildFile section */

/* Begin PBXContainerItemProxy section */
		87D531EB2BE4EB670067CB76 /* PBXContainerItemProxy */ = {
			isa = PBXContainerItemProxy;
			containerPortal = 87D531D12BE4EB650067CB76 /* Project object */;
			proxyType = 1;
			remoteGlobalIDString = 87D531D82BE4EB650067CB76;
			remoteInfo = TopUsers;
		};
		87D531F52BE4EB680067CB76 /* PBXContainerItemProxy */ = {
			isa = PBXContainerItemProxy;
			containerPortal = 87D531D12BE4EB650067CB76 /* Project object */;
			proxyType = 1;
			remoteGlobalIDString = 87D531D82BE4EB650067CB76;
			remoteInfo = TopUsers;
		};
/* End PBXContainerItemProxy section */

/* Begin PBXFileReference section */
		871EC4012BE8783500C0C14A /* CacheManager.swift */ = {isa = PBXFileReference; lastKnownFileType = sourcecode.swift; path = CacheManager.swift; sourceTree = "<group>"; };
		871EC4032BE8787800C0C14A /* DataStorageProtocol.swift */ = {isa = PBXFileReference; lastKnownFileType = sourcecode.swift; path = DataStorageProtocol.swift; sourceTree = "<group>"; };
		871EC4052BE878C900C0C14A /* UserDefaultsStore.swift */ = {isa = PBXFileReference; lastKnownFileType = sourcecode.swift; path = UserDefaultsStore.swift; sourceTree = "<group>"; };
		871EC4072BE8790700C0C14A /* MockUserDefaultsStore.swift */ = {isa = PBXFileReference; lastKnownFileType = sourcecode.swift; path = MockUserDefaultsStore.swift; sourceTree = "<group>"; };
		878F69B02BE6424800054360 /* TopUserRowView.swift */ = {isa = PBXFileReference; lastKnownFileType = sourcecode.swift; path = TopUserRowView.swift; sourceTree = "<group>"; };
		878F69B22BE6AA5900054360 /* ProfileImageView.swift */ = {isa = PBXFileReference; lastKnownFileType = sourcecode.swift; path = ProfileImageView.swift; sourceTree = "<group>"; };
		878F69B52BE6AE4200054360 /* StandardButtonStyle.swift */ = {isa = PBXFileReference; lastKnownFileType = sourcecode.swift; path = StandardButtonStyle.swift; sourceTree = "<group>"; };
		878F69B82BE6BE2F00054360 /* TopUserDataServiceTests.swift */ = {isa = PBXFileReference; lastKnownFileType = sourcecode.swift; path = TopUserDataServiceTests.swift; sourceTree = "<group>"; };
		878F69BA2BE6F45600054360 /* HeaderView.swift */ = {isa = PBXFileReference; lastKnownFileType = sourcecode.swift; path = HeaderView.swift; sourceTree = "<group>"; };
		878F69BC2BE7033D00054360 /* CacheManagerTests.swift */ = {isa = PBXFileReference; lastKnownFileType = sourcecode.swift; path = CacheManagerTests.swift; sourceTree = "<group>"; };
		87D0C1712BE5070000F117EA /* RootViewCoordinator.swift */ = {isa = PBXFileReference; lastKnownFileType = sourcecode.swift; path = RootViewCoordinator.swift; sourceTree = "<group>"; };
		87D0C1732BE50F6800F117EA /* RootViewModel.swift */ = {isa = PBXFileReference; lastKnownFileType = sourcecode.swift; path = RootViewModel.swift; sourceTree = "<group>"; };
		87D0C1752BE5122600F117EA /* Constants.swift */ = {isa = PBXFileReference; lastKnownFileType = sourcecode.swift; path = Constants.swift; sourceTree = "<group>"; };
		87D0C1792BE5137E00F117EA /* SplashView.swift */ = {isa = PBXFileReference; lastKnownFileType = sourcecode.swift; path = SplashView.swift; sourceTree = "<group>"; };
		87D0C17B2BE513DB00F117EA /* Colors.swift */ = {isa = PBXFileReference; lastKnownFileType = sourcecode.swift; path = Colors.swift; sourceTree = "<group>"; };
		87D0C17E2BE5143A00F117EA /* TopUsersView.swift */ = {isa = PBXFileReference; lastKnownFileType = sourcecode.swift; path = TopUsersView.swift; sourceTree = "<group>"; };
		87D0C1802BE5169900F117EA /* RootViewModelTests.swift */ = {isa = PBXFileReference; lastKnownFileType = sourcecode.swift; path = RootViewModelTests.swift; sourceTree = "<group>"; };
		87D0C1842BE56A1600F117EA /* TopUsersDataService.swift */ = {isa = PBXFileReference; lastKnownFileType = sourcecode.swift; path = TopUsersDataService.swift; sourceTree = "<group>"; };
		87D0C1862BE56AA000F117EA /* TopUsers.swift */ = {isa = PBXFileReference; lastKnownFileType = sourcecode.swift; path = TopUsers.swift; sourceTree = "<group>"; };
		87D0C1882BE57F3600F117EA /* DataServiceProtocol.swift */ = {isa = PBXFileReference; lastKnownFileType = sourcecode.swift; path = DataServiceProtocol.swift; sourceTree = "<group>"; };
		87D0C18A2BE5803F00F117EA /* DataServiceError.swift */ = {isa = PBXFileReference; lastKnownFileType = sourcecode.swift; path = DataServiceError.swift; sourceTree = "<group>"; };
		87D0C18C2BE580E900F117EA /* TopUsersViewModel.swift */ = {isa = PBXFileReference; lastKnownFileType = sourcecode.swift; path = TopUsersViewModel.swift; sourceTree = "<group>"; };
		87D0C18E2BE580FF00F117EA /* TopUsersViewModelTests.swift */ = {isa = PBXFileReference; lastKnownFileType = sourcecode.swift; path = TopUsersViewModelTests.swift; sourceTree = "<group>"; };
		87D0C1902BE591A000F117EA /* FollowerView.swift */ = {isa = PBXFileReference; lastKnownFileType = sourcecode.swift; path = FollowerView.swift; sourceTree = "<group>"; };
		87D0C1932BE5964600F117EA /* MockDataService.swift */ = {isa = PBXFileReference; lastKnownFileType = sourcecode.swift; path = MockDataService.swift; sourceTree = "<group>"; };
		87D531D92BE4EB650067CB76 /* TopUsers.app */ = {isa = PBXFileReference; explicitFileType = wrapper.application; includeInIndex = 0; path = TopUsers.app; sourceTree = BUILT_PRODUCTS_DIR; };
		87D531DC2BE4EB650067CB76 /* TopUsersApp.swift */ = {isa = PBXFileReference; lastKnownFileType = sourcecode.swift; path = TopUsersApp.swift; sourceTree = "<group>"; };
		87D531E02BE4EB670067CB76 /* Assets.xcassets */ = {isa = PBXFileReference; lastKnownFileType = folder.assetcatalog; path = Assets.xcassets; sourceTree = "<group>"; };
		87D531E22BE4EB670067CB76 /* TopUsers.entitlements */ = {isa = PBXFileReference; lastKnownFileType = text.plist.entitlements; path = TopUsers.entitlements; sourceTree = "<group>"; };
		87D531E42BE4EB670067CB76 /* Preview Assets.xcassets */ = {isa = PBXFileReference; lastKnownFileType = folder.assetcatalog; path = "Preview Assets.xcassets"; sourceTree = "<group>"; };
		87D531EA2BE4EB670067CB76 /* TopUsersTests.xctest */ = {isa = PBXFileReference; explicitFileType = wrapper.cfbundle; includeInIndex = 0; path = TopUsersTests.xctest; sourceTree = BUILT_PRODUCTS_DIR; };
		87D531EE2BE4EB670067CB76 /* TopUsersTests.swift */ = {isa = PBXFileReference; lastKnownFileType = sourcecode.swift; path = TopUsersTests.swift; sourceTree = "<group>"; };
		87D531F42BE4EB680067CB76 /* TopUsersUITests.xctest */ = {isa = PBXFileReference; explicitFileType = wrapper.cfbundle; includeInIndex = 0; path = TopUsersUITests.xctest; sourceTree = BUILT_PRODUCTS_DIR; };
		87D531F82BE4EB680067CB76 /* TopUsersUITests.swift */ = {isa = PBXFileReference; lastKnownFileType = sourcecode.swift; path = TopUsersUITests.swift; sourceTree = "<group>"; };
		87D531FA2BE4EB680067CB76 /* TopUsersUITestsLaunchTests.swift */ = {isa = PBXFileReference; lastKnownFileType = sourcecode.swift; path = TopUsersUITestsLaunchTests.swift; sourceTree = "<group>"; };
/* End PBXFileReference section */

/* Begin PBXFrameworksBuildPhase section */
		87D531D62BE4EB650067CB76 /* Frameworks */ = {
			isa = PBXFrameworksBuildPhase;
			buildActionMask = 2147483647;
			files = (
			);
			runOnlyForDeploymentPostprocessing = 0;
		};
		87D531E72BE4EB670067CB76 /* Frameworks */ = {
			isa = PBXFrameworksBuildPhase;
			buildActionMask = 2147483647;
			files = (
			);
			runOnlyForDeploymentPostprocessing = 0;
		};
		87D531F12BE4EB680067CB76 /* Frameworks */ = {
			isa = PBXFrameworksBuildPhase;
			buildActionMask = 2147483647;
			files = (
			);
			runOnlyForDeploymentPostprocessing = 0;
		};
/* End PBXFrameworksBuildPhase section */

/* Begin PBXGroup section */
		871EC4002BE8781600C0C14A /* Persistence */ = {
			isa = PBXGroup;
			children = (
				871EC4012BE8783500C0C14A /* CacheManager.swift */,
				871EC4032BE8787800C0C14A /* DataStorageProtocol.swift */,
				871EC4052BE878C900C0C14A /* UserDefaultsStore.swift */,
				871EC4072BE8790700C0C14A /* MockUserDefaultsStore.swift */,
			);
			path = Persistence;
			sourceTree = "<group>";
		};
		878F69AF2BE6421B00054360 /* TopUserRowView */ = {
			isa = PBXGroup;
			children = (
				878F69B02BE6424800054360 /* TopUserRowView.swift */,
			);
			path = TopUserRowView;
			sourceTree = "<group>";
		};
		878F69B42BE6AE1F00054360 /* ReusableViews */ = {
			isa = PBXGroup;
			children = (
				878F69B52BE6AE4200054360 /* StandardButtonStyle.swift */,
				878F69BA2BE6F45600054360 /* HeaderView.swift */,
			);
			path = ReusableViews;
			sourceTree = "<group>";
		};
		87D0C16C2BE5042000F117EA /* Model */ = {
			isa = PBXGroup;
			children = (
				87D0C1862BE56AA000F117EA /* TopUsers.swift */,
			);
			path = Model;
			sourceTree = "<group>";
		};
		87D0C16D2BE5042800F117EA /* Screens */ = {
			isa = PBXGroup;
			children = (
				87D0C17D2BE5142600F117EA /* TopUsers */,
				87D0C1832BE5523000F117EA /* AppLaunch */,
				87D0C1782BE5135F00F117EA /* SplashScreen */,
				87D0C1772BE5135400F117EA /* Root */,
			);
			path = Screens;
			sourceTree = "<group>";
		};
		87D0C16E2BE5048900F117EA /* Services */ = {
			isa = PBXGroup;
			children = (
				87D0C1842BE56A1600F117EA /* TopUsersDataService.swift */,
				87D0C1882BE57F3600F117EA /* DataServiceProtocol.swift */,
				87D0C18A2BE5803F00F117EA /* DataServiceError.swift */,
				87D0C1932BE5964600F117EA /* MockDataService.swift */,
			);
			path = Services;
			sourceTree = "<group>";
		};
		87D0C16F2BE5048F00F117EA /* Utils */ = {
			isa = PBXGroup;
			children = (
				87D0C1752BE5122600F117EA /* Constants.swift */,
				87D0C17B2BE513DB00F117EA /* Colors.swift */,
			);
			path = Utils;
			sourceTree = "<group>";
		};
		87D0C1772BE5135400F117EA /* Root */ = {
			isa = PBXGroup;
			children = (
				87D0C1712BE5070000F117EA /* RootViewCoordinator.swift */,
				87D0C1732BE50F6800F117EA /* RootViewModel.swift */,
			);
			path = Root;
			sourceTree = "<group>";
		};
		87D0C1782BE5135F00F117EA /* SplashScreen */ = {
			isa = PBXGroup;
			children = (
				87D0C1792BE5137E00F117EA /* SplashView.swift */,
			);
			path = SplashScreen;
			sourceTree = "<group>";
		};
		87D0C17D2BE5142600F117EA /* TopUsers */ = {
			isa = PBXGroup;
			children = (
				87D0C18C2BE580E900F117EA /* TopUsersViewModel.swift */,
				878F69AF2BE6421B00054360 /* TopUserRowView */,
				87D0C17E2BE5143A00F117EA /* TopUsersView.swift */,
				87D0C1902BE591A000F117EA /* FollowerView.swift */,
				878F69B22BE6AA5900054360 /* ProfileImageView.swift */,
			);
			path = TopUsers;
			sourceTree = "<group>";
		};
		87D0C1832BE5523000F117EA /* AppLaunch */ = {
			isa = PBXGroup;
			children = (
				87D531DC2BE4EB650067CB76 /* TopUsersApp.swift */,
			);
			path = AppLaunch;
			sourceTree = "<group>";
		};
		87D531D02BE4EB650067CB76 = {
			isa = PBXGroup;
			children = (
				87D531DB2BE4EB650067CB76 /* TopUsers */,
				87D531ED2BE4EB670067CB76 /* TopUsersTests */,
				87D531F72BE4EB680067CB76 /* TopUsersUITests */,
				87D531DA2BE4EB650067CB76 /* Products */,
			);
			sourceTree = "<group>";
		};
		87D531DA2BE4EB650067CB76 /* Products */ = {
			isa = PBXGroup;
			children = (
				87D531D92BE4EB650067CB76 /* TopUsers.app */,
				87D531EA2BE4EB670067CB76 /* TopUsersTests.xctest */,
				87D531F42BE4EB680067CB76 /* TopUsersUITests.xctest */,
			);
			name = Products;
			sourceTree = "<group>";
		};
		87D531DB2BE4EB650067CB76 /* TopUsers */ = {
			isa = PBXGroup;
			children = (
				871EC4002BE8781600C0C14A /* Persistence */,
				878F69B42BE6AE1F00054360 /* ReusableViews */,
				87D0C16F2BE5048F00F117EA /* Utils */,
				87D0C16E2BE5048900F117EA /* Services */,
				87D0C16D2BE5042800F117EA /* Screens */,
				87D0C16C2BE5042000F117EA /* Model */,
				87D531E02BE4EB670067CB76 /* Assets.xcassets */,
				87D531E22BE4EB670067CB76 /* TopUsers.entitlements */,
				87D531E32BE4EB670067CB76 /* Preview Content */,
			);
			path = TopUsers;
			sourceTree = "<group>";
		};
		87D531E32BE4EB670067CB76 /* Preview Content */ = {
			isa = PBXGroup;
			children = (
				87D531E42BE4EB670067CB76 /* Preview Assets.xcassets */,
			);
			path = "Preview Content";
			sourceTree = "<group>";
		};
		87D531ED2BE4EB670067CB76 /* TopUsersTests */ = {
			isa = PBXGroup;
			children = (
				87D531EE2BE4EB670067CB76 /* TopUsersTests.swift */,
				87D0C1802BE5169900F117EA /* RootViewModelTests.swift */,
				87D0C18E2BE580FF00F117EA /* TopUsersViewModelTests.swift */,
				878F69B82BE6BE2F00054360 /* TopUserDataServiceTests.swift */,
				878F69BC2BE7033D00054360 /* CacheManagerTests.swift */,
			);
			path = TopUsersTests;
			sourceTree = "<group>";
		};
		87D531F72BE4EB680067CB76 /* TopUsersUITests */ = {
			isa = PBXGroup;
			children = (
				87D531F82BE4EB680067CB76 /* TopUsersUITests.swift */,
				87D531FA2BE4EB680067CB76 /* TopUsersUITestsLaunchTests.swift */,
			);
			path = TopUsersUITests;
			sourceTree = "<group>";
		};
/* End PBXGroup section */

/* Begin PBXNativeTarget section */
		87D531D82BE4EB650067CB76 /* TopUsers */ = {
			isa = PBXNativeTarget;
			buildConfigurationList = 87D531FE2BE4EB680067CB76 /* Build configuration list for PBXNativeTarget "TopUsers" */;
			buildPhases = (
				87D531D52BE4EB650067CB76 /* Sources */,
				87D531D62BE4EB650067CB76 /* Frameworks */,
				87D531D72BE4EB650067CB76 /* Resources */,
			);
			buildRules = (
			);
			dependencies = (
			);
			name = TopUsers;
			productName = TopUsers;
			productReference = 87D531D92BE4EB650067CB76 /* TopUsers.app */;
			productType = "com.apple.product-type.application";
		};
		87D531E92BE4EB670067CB76 /* TopUsersTests */ = {
			isa = PBXNativeTarget;
			buildConfigurationList = 87D532012BE4EB680067CB76 /* Build configuration list for PBXNativeTarget "TopUsersTests" */;
			buildPhases = (
				87D531E62BE4EB670067CB76 /* Sources */,
				87D531E72BE4EB670067CB76 /* Frameworks */,
				87D531E82BE4EB670067CB76 /* Resources */,
			);
			buildRules = (
			);
			dependencies = (
				87D531EC2BE4EB670067CB76 /* PBXTargetDependency */,
			);
			name = TopUsersTests;
			productName = TopUsersTests;
			productReference = 87D531EA2BE4EB670067CB76 /* TopUsersTests.xctest */;
			productType = "com.apple.product-type.bundle.unit-test";
		};
		87D531F32BE4EB680067CB76 /* TopUsersUITests */ = {
			isa = PBXNativeTarget;
			buildConfigurationList = 87D532042BE4EB680067CB76 /* Build configuration list for PBXNativeTarget "TopUsersUITests" */;
			buildPhases = (
				87D531F02BE4EB680067CB76 /* Sources */,
				87D531F12BE4EB680067CB76 /* Frameworks */,
				87D531F22BE4EB680067CB76 /* Resources */,
			);
			buildRules = (
			);
			dependencies = (
				87D531F62BE4EB680067CB76 /* PBXTargetDependency */,
			);
			name = TopUsersUITests;
			productName = TopUsersUITests;
			productReference = 87D531F42BE4EB680067CB76 /* TopUsersUITests.xctest */;
			productType = "com.apple.product-type.bundle.ui-testing";
		};
/* End PBXNativeTarget section */

/* Begin PBXProject section */
		87D531D12BE4EB650067CB76 /* Project object */ = {
			isa = PBXProject;
			attributes = {
				BuildIndependentTargetsInParallel = 1;
				LastSwiftUpdateCheck = 1530;
				LastUpgradeCheck = 1530;
				TargetAttributes = {
					87D531D82BE4EB650067CB76 = {
						CreatedOnToolsVersion = 15.3;
					};
					87D531E92BE4EB670067CB76 = {
						CreatedOnToolsVersion = 15.3;
						TestTargetID = 87D531D82BE4EB650067CB76;
					};
					87D531F32BE4EB680067CB76 = {
						CreatedOnToolsVersion = 15.3;
						TestTargetID = 87D531D82BE4EB650067CB76;
					};
				};
			};
			buildConfigurationList = 87D531D42BE4EB650067CB76 /* Build configuration list for PBXProject "TopUsers" */;
			compatibilityVersion = "Xcode 14.0";
			developmentRegion = en;
			hasScannedForEncodings = 0;
			knownRegions = (
				en,
				Base,
			);
			mainGroup = 87D531D02BE4EB650067CB76;
			productRefGroup = 87D531DA2BE4EB650067CB76 /* Products */;
			projectDirPath = "";
			projectRoot = "";
			targets = (
				87D531D82BE4EB650067CB76 /* TopUsers */,
				87D531E92BE4EB670067CB76 /* TopUsersTests */,
				87D531F32BE4EB680067CB76 /* TopUsersUITests */,
			);
		};
/* End PBXProject section */

/* Begin PBXResourcesBuildPhase section */
		87D531D72BE4EB650067CB76 /* Resources */ = {
			isa = PBXResourcesBuildPhase;
			buildActionMask = 2147483647;
			files = (
				87D531E52BE4EB670067CB76 /* Preview Assets.xcassets in Resources */,
				87D531E12BE4EB670067CB76 /* Assets.xcassets in Resources */,
			);
			runOnlyForDeploymentPostprocessing = 0;
		};
		87D531E82BE4EB670067CB76 /* Resources */ = {
			isa = PBXResourcesBuildPhase;
			buildActionMask = 2147483647;
			files = (
			);
			runOnlyForDeploymentPostprocessing = 0;
		};
		87D531F22BE4EB680067CB76 /* Resources */ = {
			isa = PBXResourcesBuildPhase;
			buildActionMask = 2147483647;
			files = (
			);
			runOnlyForDeploymentPostprocessing = 0;
		};
/* End PBXResourcesBuildPhase section */

/* Begin PBXSourcesBuildPhase section */
		87D531D52BE4EB650067CB76 /* Sources */ = {
			isa = PBXSourcesBuildPhase;
			buildActionMask = 2147483647;
			files = (
				871EC4022BE8783500C0C14A /* CacheManager.swift in Sources */,
				871EC4062BE878C900C0C14A /* UserDefaultsStore.swift in Sources */,
				871EC4042BE8787800C0C14A /* DataStorageProtocol.swift in Sources */,
				87D0C17F2BE5143A00F117EA /* TopUsersView.swift in Sources */,
				878F69BB2BE6F45600054360 /* HeaderView.swift in Sources */,
				87D0C1872BE56AA000F117EA /* TopUsers.swift in Sources */,
				878F69B12BE6424800054360 /* TopUserRowView.swift in Sources */,
				878F69B72BE6B30D00054360 /* MockDataService.swift in Sources */,
				87D0C1722BE5070000F117EA /* RootViewCoordinator.swift in Sources */,
				87D0C18D2BE580E900F117EA /* TopUsersViewModel.swift in Sources */,
				87D0C17C2BE513DB00F117EA /* Colors.swift in Sources */,
				87D0C1742BE50F6800F117EA /* RootViewModel.swift in Sources */,
				87D0C1892BE57F3600F117EA /* DataServiceProtocol.swift in Sources */,
				87D0C1852BE56A1600F117EA /* TopUsersDataService.swift in Sources */,
				87D0C18B2BE5803F00F117EA /* DataServiceError.swift in Sources */,
				87D0C17A2BE5137E00F117EA /* SplashView.swift in Sources */,
				871EC4082BE8790700C0C14A /* MockUserDefaultsStore.swift in Sources */,
				87D0C1912BE591A000F117EA /* FollowerView.swift in Sources */,
				878F69B62BE6AE4200054360 /* StandardButtonStyle.swift in Sources */,
				878F69B32BE6AA5900054360 /* ProfileImageView.swift in Sources */,
				87D531DD2BE4EB650067CB76 /* TopUsersApp.swift in Sources */,
				87D0C1762BE5122600F117EA /* Constants.swift in Sources */,
			);
			runOnlyForDeploymentPostprocessing = 0;
		};
		87D531E62BE4EB670067CB76 /* Sources */ = {
			isa = PBXSourcesBuildPhase;
			buildActionMask = 2147483647;
			files = (
				87D0C18F2BE580FF00F117EA /* TopUsersViewModelTests.swift in Sources */,
				878F69B92BE6BE2F00054360 /* TopUserDataServiceTests.swift in Sources */,
				87D0C1822BE516BD00F117EA /* RootViewModelTests.swift in Sources */,
				878F69BD2BE7033D00054360 /* CacheManagerTests.swift in Sources */,
				87D531EF2BE4EB670067CB76 /* TopUsersTests.swift in Sources */,
			);
			runOnlyForDeploymentPostprocessing = 0;
		};
		87D531F02BE4EB680067CB76 /* Sources */ = {
			isa = PBXSourcesBuildPhase;
			buildActionMask = 2147483647;
			files = (
				87D531FB2BE4EB680067CB76 /* TopUsersUITestsLaunchTests.swift in Sources */,
				87D531F92BE4EB680067CB76 /* TopUsersUITests.swift in Sources */,
			);
			runOnlyForDeploymentPostprocessing = 0;
		};
/* End PBXSourcesBuildPhase section */

/* Begin PBXTargetDependency section */
		87D531EC2BE4EB670067CB76 /* PBXTargetDependency */ = {
			isa = PBXTargetDependency;
			target = 87D531D82BE4EB650067CB76 /* TopUsers */;
			targetProxy = 87D531EB2BE4EB670067CB76 /* PBXContainerItemProxy */;
		};
		87D531F62BE4EB680067CB76 /* PBXTargetDependency */ = {
			isa = PBXTargetDependency;
			target = 87D531D82BE4EB650067CB76 /* TopUsers */;
			targetProxy = 87D531F52BE4EB680067CB76 /* PBXContainerItemProxy */;
		};
/* End PBXTargetDependency section */

/* Begin XCBuildConfiguration section */
		87D531FC2BE4EB680067CB76 /* Debug */ = {
			isa = XCBuildConfiguration;
			buildSettings = {
				ALWAYS_SEARCH_USER_PATHS = NO;
				ASSETCATALOG_COMPILER_GENERATE_SWIFT_ASSET_SYMBOL_EXTENSIONS = YES;
				CLANG_ANALYZER_NONNULL = YES;
				CLANG_ANALYZER_NUMBER_OBJECT_CONVERSION = YES_AGGRESSIVE;
				CLANG_CXX_LANGUAGE_STANDARD = "gnu++20";
				CLANG_ENABLE_MODULES = YES;
				CLANG_ENABLE_OBJC_ARC = YES;
				CLANG_ENABLE_OBJC_WEAK = YES;
				CLANG_WARN_BLOCK_CAPTURE_AUTORELEASING = YES;
				CLANG_WARN_BOOL_CONVERSION = YES;
				CLANG_WARN_COMMA = YES;
				CLANG_WARN_CONSTANT_CONVERSION = YES;
				CLANG_WARN_DEPRECATED_OBJC_IMPLEMENTATIONS = YES;
				CLANG_WARN_DIRECT_OBJC_ISA_USAGE = YES_ERROR;
				CLANG_WARN_DOCUMENTATION_COMMENTS = YES;
				CLANG_WARN_EMPTY_BODY = YES;
				CLANG_WARN_ENUM_CONVERSION = YES;
				CLANG_WARN_INFINITE_RECURSION = YES;
				CLANG_WARN_INT_CONVERSION = YES;
				CLANG_WARN_NON_LITERAL_NULL_CONVERSION = YES;
				CLANG_WARN_OBJC_IMPLICIT_RETAIN_SELF = YES;
				CLANG_WARN_OBJC_LITERAL_CONVERSION = YES;
				CLANG_WARN_OBJC_ROOT_CLASS = YES_ERROR;
				CLANG_WARN_QUOTED_INCLUDE_IN_FRAMEWORK_HEADER = YES;
				CLANG_WARN_RANGE_LOOP_ANALYSIS = YES;
				CLANG_WARN_STRICT_PROTOTYPES = YES;
				CLANG_WARN_SUSPICIOUS_MOVE = YES;
				CLANG_WARN_UNGUARDED_AVAILABILITY = YES_AGGRESSIVE;
				CLANG_WARN_UNREACHABLE_CODE = YES;
				CLANG_WARN__DUPLICATE_METHOD_MATCH = YES;
				COPY_PHASE_STRIP = NO;
				DEBUG_INFORMATION_FORMAT = dwarf;
				ENABLE_STRICT_OBJC_MSGSEND = YES;
				ENABLE_TESTABILITY = YES;
				ENABLE_USER_SCRIPT_SANDBOXING = YES;
				GCC_C_LANGUAGE_STANDARD = gnu17;
				GCC_DYNAMIC_NO_PIC = NO;
				GCC_NO_COMMON_BLOCKS = YES;
				GCC_OPTIMIZATION_LEVEL = 0;
				GCC_PREPROCESSOR_DEFINITIONS = (
					"DEBUG=1",
					"$(inherited)",
				);
				GCC_WARN_64_TO_32_BIT_CONVERSION = YES;
				GCC_WARN_ABOUT_RETURN_TYPE = YES_ERROR;
				GCC_WARN_UNDECLARED_SELECTOR = YES;
				GCC_WARN_UNINITIALIZED_AUTOS = YES_AGGRESSIVE;
				GCC_WARN_UNUSED_FUNCTION = YES;
				GCC_WARN_UNUSED_VARIABLE = YES;
				LOCALIZATION_PREFERS_STRING_CATALOGS = YES;
				MTL_ENABLE_DEBUG_INFO = INCLUDE_SOURCE;
				MTL_FAST_MATH = YES;
				ONLY_ACTIVE_ARCH = YES;
				SWIFT_ACTIVE_COMPILATION_CONDITIONS = "DEBUG $(inherited)";
				SWIFT_OPTIMIZATION_LEVEL = "-Onone";
			};
			name = Debug;
		};
		87D531FD2BE4EB680067CB76 /* Release */ = {
			isa = XCBuildConfiguration;
			buildSettings = {
				ALWAYS_SEARCH_USER_PATHS = NO;
				ASSETCATALOG_COMPILER_GENERATE_SWIFT_ASSET_SYMBOL_EXTENSIONS = YES;
				CLANG_ANALYZER_NONNULL = YES;
				CLANG_ANALYZER_NUMBER_OBJECT_CONVERSION = YES_AGGRESSIVE;
				CLANG_CXX_LANGUAGE_STANDARD = "gnu++20";
				CLANG_ENABLE_MODULES = YES;
				CLANG_ENABLE_OBJC_ARC = YES;
				CLANG_ENABLE_OBJC_WEAK = YES;
				CLANG_WARN_BLOCK_CAPTURE_AUTORELEASING = YES;
				CLANG_WARN_BOOL_CONVERSION = YES;
				CLANG_WARN_COMMA = YES;
				CLANG_WARN_CONSTANT_CONVERSION = YES;
				CLANG_WARN_DEPRECATED_OBJC_IMPLEMENTATIONS = YES;
				CLANG_WARN_DIRECT_OBJC_ISA_USAGE = YES_ERROR;
				CLANG_WARN_DOCUMENTATION_COMMENTS = YES;
				CLANG_WARN_EMPTY_BODY = YES;
				CLANG_WARN_ENUM_CONVERSION = YES;
				CLANG_WARN_INFINITE_RECURSION = YES;
				CLANG_WARN_INT_CONVERSION = YES;
				CLANG_WARN_NON_LITERAL_NULL_CONVERSION = YES;
				CLANG_WARN_OBJC_IMPLICIT_RETAIN_SELF = YES;
				CLANG_WARN_OBJC_LITERAL_CONVERSION = YES;
				CLANG_WARN_OBJC_ROOT_CLASS = YES_ERROR;
				CLANG_WARN_QUOTED_INCLUDE_IN_FRAMEWORK_HEADER = YES;
				CLANG_WARN_RANGE_LOOP_ANALYSIS = YES;
				CLANG_WARN_STRICT_PROTOTYPES = YES;
				CLANG_WARN_SUSPICIOUS_MOVE = YES;
				CLANG_WARN_UNGUARDED_AVAILABILITY = YES_AGGRESSIVE;
				CLANG_WARN_UNREACHABLE_CODE = YES;
				CLANG_WARN__DUPLICATE_METHOD_MATCH = YES;
				COPY_PHASE_STRIP = NO;
				DEBUG_INFORMATION_FORMAT = "dwarf-with-dsym";
				ENABLE_NS_ASSERTIONS = NO;
				ENABLE_STRICT_OBJC_MSGSEND = YES;
				ENABLE_USER_SCRIPT_SANDBOXING = YES;
				GCC_C_LANGUAGE_STANDARD = gnu17;
				GCC_NO_COMMON_BLOCKS = YES;
				GCC_WARN_64_TO_32_BIT_CONVERSION = YES;
				GCC_WARN_ABOUT_RETURN_TYPE = YES_ERROR;
				GCC_WARN_UNDECLARED_SELECTOR = YES;
				GCC_WARN_UNINITIALIZED_AUTOS = YES_AGGRESSIVE;
				GCC_WARN_UNUSED_FUNCTION = YES;
				GCC_WARN_UNUSED_VARIABLE = YES;
				LOCALIZATION_PREFERS_STRING_CATALOGS = YES;
				MTL_ENABLE_DEBUG_INFO = NO;
				MTL_FAST_MATH = YES;
				SWIFT_COMPILATION_MODE = wholemodule;
			};
			name = Release;
		};
		87D531FF2BE4EB680067CB76 /* Debug */ = {
			isa = XCBuildConfiguration;
			buildSettings = {
				ASSETCATALOG_COMPILER_APPICON_NAME = AppIcon;
				ASSETCATALOG_COMPILER_GLOBAL_ACCENT_COLOR_NAME = AccentColor;
				CODE_SIGN_ENTITLEMENTS = TopUsers/TopUsers.entitlements;
				CODE_SIGN_STYLE = Automatic;
				CURRENT_PROJECT_VERSION = 1;
				DEVELOPMENT_ASSET_PATHS = "\"TopUsers/Preview Content\"";
				DEVELOPMENT_TEAM = X4N2FQDR5S;
				ENABLE_HARDENED_RUNTIME = YES;
				ENABLE_PREVIEWS = YES;
				GENERATE_INFOPLIST_FILE = YES;
				"INFOPLIST_KEY_UIApplicationSceneManifest_Generation[sdk=iphoneos*]" = YES;
				"INFOPLIST_KEY_UIApplicationSceneManifest_Generation[sdk=iphonesimulator*]" = YES;
				"INFOPLIST_KEY_UIApplicationSupportsIndirectInputEvents[sdk=iphoneos*]" = YES;
				"INFOPLIST_KEY_UIApplicationSupportsIndirectInputEvents[sdk=iphonesimulator*]" = YES;
				"INFOPLIST_KEY_UILaunchScreen_Generation[sdk=iphoneos*]" = YES;
				"INFOPLIST_KEY_UILaunchScreen_Generation[sdk=iphonesimulator*]" = YES;
				"INFOPLIST_KEY_UIStatusBarStyle[sdk=iphoneos*]" = UIStatusBarStyleDefault;
				"INFOPLIST_KEY_UIStatusBarStyle[sdk=iphonesimulator*]" = UIStatusBarStyleDefault;
				INFOPLIST_KEY_UISupportedInterfaceOrientations = UIInterfaceOrientationPortrait;
				INFOPLIST_KEY_UISupportedInterfaceOrientations_iPad = "UIInterfaceOrientationLandscapeLeft UIInterfaceOrientationLandscapeRight UIInterfaceOrientationPortrait UIInterfaceOrientationPortraitUpsideDown";
				IPHONEOS_DEPLOYMENT_TARGET = 17.4;
				LD_RUNPATH_SEARCH_PATHS = "@executable_path/Frameworks";
				"LD_RUNPATH_SEARCH_PATHS[sdk=macosx*]" = "@executable_path/../Frameworks";
				MACOSX_DEPLOYMENT_TARGET = 14.3;
				MARKETING_VERSION = 1.0;
				PRODUCT_BUNDLE_IDENTIFIER = jidh.connect.TopUsers;
				PRODUCT_NAME = "$(TARGET_NAME)";
				SDKROOT = auto;
				SUPPORTED_PLATFORMS = "iphoneos iphonesimulator";
				SUPPORTS_MACCATALYST = NO;
				SWIFT_EMIT_LOC_STRINGS = YES;
				SWIFT_VERSION = 5.0;
				TARGETED_DEVICE_FAMILY = 1;
			};
			name = Debug;
		};
		87D532002BE4EB680067CB76 /* Release */ = {
			isa = XCBuildConfiguration;
			buildSettings = {
				ASSETCATALOG_COMPILER_APPICON_NAME = AppIcon;
				ASSETCATALOG_COMPILER_GLOBAL_ACCENT_COLOR_NAME = AccentColor;
				CODE_SIGN_ENTITLEMENTS = TopUsers/TopUsers.entitlements;
				CODE_SIGN_STYLE = Automatic;
				CURRENT_PROJECT_VERSION = 1;
				DEVELOPMENT_ASSET_PATHS = "\"TopUsers/Preview Content\"";
				DEVELOPMENT_TEAM = X4N2FQDR5S;
				ENABLE_HARDENED_RUNTIME = YES;
				ENABLE_PREVIEWS = YES;
				GENERATE_INFOPLIST_FILE = YES;
				"INFOPLIST_KEY_UIApplicationSceneManifest_Generation[sdk=iphoneos*]" = YES;
				"INFOPLIST_KEY_UIApplicationSceneManifest_Generation[sdk=iphonesimulator*]" = YES;
				"INFOPLIST_KEY_UIApplicationSupportsIndirectInputEvents[sdk=iphoneos*]" = YES;
				"INFOPLIST_KEY_UIApplicationSupportsIndirectInputEvents[sdk=iphonesimulator*]" = YES;
				"INFOPLIST_KEY_UILaunchScreen_Generation[sdk=iphoneos*]" = YES;
				"INFOPLIST_KEY_UILaunchScreen_Generation[sdk=iphonesimulator*]" = YES;
				"INFOPLIST_KEY_UIStatusBarStyle[sdk=iphoneos*]" = UIStatusBarStyleDefault;
				"INFOPLIST_KEY_UIStatusBarStyle[sdk=iphonesimulator*]" = UIStatusBarStyleDefault;
				INFOPLIST_KEY_UISupportedInterfaceOrientations = UIInterfaceOrientationPortrait;
				INFOPLIST_KEY_UISupportedInterfaceOrientations_iPad = "UIInterfaceOrientationLandscapeLeft UIInterfaceOrientationLandscapeRight UIInterfaceOrientationPortrait UIInterfaceOrientationPortraitUpsideDown";
				IPHONEOS_DEPLOYMENT_TARGET = 17.4;
				LD_RUNPATH_SEARCH_PATHS = "@executable_path/Frameworks";
				"LD_RUNPATH_SEARCH_PATHS[sdk=macosx*]" = "@executable_path/../Frameworks";
				MACOSX_DEPLOYMENT_TARGET = 14.3;
				MARKETING_VERSION = 1.0;
				PRODUCT_BUNDLE_IDENTIFIER = jidh.connect.TopUsers;
				PRODUCT_NAME = "$(TARGET_NAME)";
				SDKROOT = auto;
				SUPPORTED_PLATFORMS = "iphoneos iphonesimulator";
				SUPPORTS_MACCATALYST = NO;
				SWIFT_EMIT_LOC_STRINGS = YES;
				SWIFT_VERSION = 5.0;
				TARGETED_DEVICE_FAMILY = 1;
			};
			name = Release;
		};
		87D532022BE4EB680067CB76 /* Debug */ = {
			isa = XCBuildConfiguration;
			buildSettings = {
				ALWAYS_EMBED_SWIFT_STANDARD_LIBRARIES = YES;
				BUNDLE_LOADER = "$(TEST_HOST)";
				CODE_SIGN_STYLE = Automatic;
				CURRENT_PROJECT_VERSION = 1;
				DEVELOPMENT_TEAM = X4N2FQDR5S;
				GENERATE_INFOPLIST_FILE = YES;
				IPHONEOS_DEPLOYMENT_TARGET = 17.4;
				MACOSX_DEPLOYMENT_TARGET = 14.3;
				MARKETING_VERSION = 1.0;
				PRODUCT_BUNDLE_IDENTIFIER = jidh.connect.TopUsersTests;
				PRODUCT_NAME = "$(TARGET_NAME)";
				SDKROOT = auto;
				SUPPORTED_PLATFORMS = "iphoneos iphonesimulator macosx";
				SWIFT_EMIT_LOC_STRINGS = NO;
				SWIFT_VERSION = 5.0;
				TARGETED_DEVICE_FAMILY = "1,2";
				TEST_HOST = "$(BUILT_PRODUCTS_DIR)/TopUsers.app/$(BUNDLE_EXECUTABLE_FOLDER_PATH)/TopUsers";
			};
			name = Debug;
		};
		87D532032BE4EB680067CB76 /* Release */ = {
			isa = XCBuildConfiguration;
			buildSettings = {
				ALWAYS_EMBED_SWIFT_STANDARD_LIBRARIES = YES;
				BUNDLE_LOADER = "$(TEST_HOST)";
				CODE_SIGN_STYLE = Automatic;
				CURRENT_PROJECT_VERSION = 1;
				DEVELOPMENT_TEAM = X4N2FQDR5S;
				GENERATE_INFOPLIST_FILE = YES;
				IPHONEOS_DEPLOYMENT_TARGET = 17.4;
				MACOSX_DEPLOYMENT_TARGET = 14.3;
				MARKETING_VERSION = 1.0;
				PRODUCT_BUNDLE_IDENTIFIER = jidh.connect.TopUsersTests;
				PRODUCT_NAME = "$(TARGET_NAME)";
				SDKROOT = auto;
				SUPPORTED_PLATFORMS = "iphoneos iphonesimulator macosx";
				SWIFT_EMIT_LOC_STRINGS = NO;
				SWIFT_VERSION = 5.0;
				TARGETED_DEVICE_FAMILY = "1,2";
				TEST_HOST = "$(BUILT_PRODUCTS_DIR)/TopUsers.app/$(BUNDLE_EXECUTABLE_FOLDER_PATH)/TopUsers";
			};
			name = Release;
		};
		87D532052BE4EB680067CB76 /* Debug */ = {
			isa = XCBuildConfiguration;
			buildSettings = {
				ALWAYS_EMBED_SWIFT_STANDARD_LIBRARIES = YES;
				CODE_SIGN_STYLE = Automatic;
				CURRENT_PROJECT_VERSION = 1;
				DEVELOPMENT_TEAM = X4N2FQDR5S;
				GENERATE_INFOPLIST_FILE = YES;
				IPHONEOS_DEPLOYMENT_TARGET = 17.4;
				MACOSX_DEPLOYMENT_TARGET = 14.3;
				MARKETING_VERSION = 1.0;
				PRODUCT_BUNDLE_IDENTIFIER = jidh.connect.TopUsersUITests;
				PRODUCT_NAME = "$(TARGET_NAME)";
				SDKROOT = auto;
				SUPPORTED_PLATFORMS = "iphoneos iphonesimulator macosx";
				SWIFT_EMIT_LOC_STRINGS = NO;
				SWIFT_VERSION = 5.0;
				TARGETED_DEVICE_FAMILY = "1,2";
				TEST_TARGET_NAME = TopUsers;
			};
			name = Debug;
		};
		87D532062BE4EB680067CB76 /* Release */ = {
			isa = XCBuildConfiguration;
			buildSettings = {
				ALWAYS_EMBED_SWIFT_STANDARD_LIBRARIES = YES;
				CODE_SIGN_STYLE = Automatic;
				CURRENT_PROJECT_VERSION = 1;
				DEVELOPMENT_TEAM = X4N2FQDR5S;
				GENERATE_INFOPLIST_FILE = YES;
				IPHONEOS_DEPLOYMENT_TARGET = 17.4;
				MACOSX_DEPLOYMENT_TARGET = 14.3;
				MARKETING_VERSION = 1.0;
				PRODUCT_BUNDLE_IDENTIFIER = jidh.connect.TopUsersUITests;
				PRODUCT_NAME = "$(TARGET_NAME)";
				SDKROOT = auto;
				SUPPORTED_PLATFORMS = "iphoneos iphonesimulator macosx";
				SWIFT_EMIT_LOC_STRINGS = NO;
				SWIFT_VERSION = 5.0;
				TARGETED_DEVICE_FAMILY = "1,2";
				TEST_TARGET_NAME = TopUsers;
			};
			name = Release;
		};
/* End XCBuildConfiguration section */

/* Begin XCConfigurationList section */
		87D531D42BE4EB650067CB76 /* Build configuration list for PBXProject "TopUsers" */ = {
			isa = XCConfigurationList;
			buildConfigurations = (
				87D531FC2BE4EB680067CB76 /* Debug */,
				87D531FD2BE4EB680067CB76 /* Release */,
			);
			defaultConfigurationIsVisible = 0;
			defaultConfigurationName = Release;
		};
		87D531FE2BE4EB680067CB76 /* Build configuration list for PBXNativeTarget "TopUsers" */ = {
			isa = XCConfigurationList;
			buildConfigurations = (
				87D531FF2BE4EB680067CB76 /* Debug */,
				87D532002BE4EB680067CB76 /* Release */,
			);
			defaultConfigurationIsVisible = 0;
			defaultConfigurationName = Release;
		};
		87D532012BE4EB680067CB76 /* Build configuration list for PBXNativeTarget "TopUsersTests" */ = {
			isa = XCConfigurationList;
			buildConfigurations = (
				87D532022BE4EB680067CB76 /* Debug */,
				87D532032BE4EB680067CB76 /* Release */,
			);
			defaultConfigurationIsVisible = 0;
			defaultConfigurationName = Release;
		};
		87D532042BE4EB680067CB76 /* Build configuration list for PBXNativeTarget "TopUsersUITests" */ = {
			isa = XCConfigurationList;
			buildConfigurations = (
				87D532052BE4EB680067CB76 /* Debug */,
				87D532062BE4EB680067CB76 /* Release */,
			);
			defaultConfigurationIsVisible = 0;
			defaultConfigurationName = Release;
		};
/* End XCConfigurationList section */
	};
	rootObject = 87D531D12BE4EB650067CB76 /* Project object */;
}
